
Microsoft Visual Studio Solution File, Format Version 12.00
# Visual Studio Version 17
VisualStudioVersion = 17.7.34221.43
MinimumVisualStudioVersion = 10.0.40219.1
Project("{FAE04EC0-301F-11D3-BF4B-00C04F79EFBC}") = "Crawl_Test", "Crawl_Test.csproj", "{F1D735DD-0B29-4932-A891-8B67233EA20F}"
EndProject
Global
	GlobalSection(SolutionConfigurationPlatforms) = preSolution
		Debug|Any CPU = Debug|Any CPU
		Release|Any CPU = Release|Any CPU
	EndGlobalSection
	GlobalSection(ProjectConfigurationPlatforms) = postSolution
		{F1D735DD-0B29-4932-A891-8B67233EA20F}.Debug|Any CPU.ActiveCfg = Debug|Any CPU
		{F1D735DD-0B29-4932-A891-8B67233EA20F}.Debug|Any CPU.Build.0 = Debug|Any CPU
		{F1D735DD-0B29-4932-A891-8B67233EA20F}.Release|Any CPU.ActiveCfg = Release|Any CPU
		{F1D735DD-0B29-4932-A891-8B67233EA20F}.Release|Any CPU.Build.0 = Release|Any CPU
	EndGlobalSection
	GlobalSection(SolutionProperties) = preSolution
		HideSolutionNode = FALSE
	EndGlobalSection
	GlobalSection(ExtensibilityGlobals) = postSolution
		SolutionGuid = {36CC42A2-E5C2-4D61-90F8-9A110BF75547}
	EndGlobalSection
EndGlobal
